
Microsoft Visual Studio Solution File, Format Version 12.00
# Visual Studio Version 17
VisualStudioVersion = 17.9.34616.47
MinimumVisualStudioVersion = 10.0.40219.1
Project("{9A19103F-16F7-4668-BE54-9A1E7A4F7556}") = "WNPP-API", "WNPP-API\WNPP-API.csproj", "{2582559B-5264-4ECF-912F-27A9D530D4EC}"
EndProject
Project("{9A19103F-16F7-4668-BE54-9A1E7A4F7556}") = "WNPP-UI", "WNPP-UI\WNPP-UI.csproj", "{479A2BC7-960A-42B8-9C51-1C0842B9C704}"
EndProject
Project("{9A19103F-16F7-4668-BE54-9A1E7A4F7556}") = "WNPP-Console", "WNPP-Console\WNPP-Console.csproj", "{8BABA4AB-7304-41DE-80AC-350F18F22696}"
EndProject
Global
	GlobalSection(SolutionConfigurationPlatforms) = preSolution
		Debug|Any CPU = Debug|Any CPU
		Release|Any CPU = Release|Any CPU
	EndGlobalSection
	GlobalSection(ProjectConfigurationPlatforms) = postSolution
		{2582559B-5264-4ECF-912F-27A9D530D4EC}.Debug|Any CPU.ActiveCfg = Debug|Any CPU
		{2582559B-5264-4ECF-912F-27A9D530D4EC}.Debug|Any CPU.Build.0 = Debug|Any CPU
		{2582559B-5264-4ECF-912F-27A9D530D4EC}.Release|Any CPU.ActiveCfg = Release|Any CPU
		{2582559B-5264-4ECF-912F-27A9D530D4EC}.Release|Any CPU.Build.0 = Release|Any CPU
		{479A2BC7-960A-42B8-9C51-1C0842B9C704}.Debug|Any CPU.ActiveCfg = Debug|Any CPU
		{479A2BC7-960A-42B8-9C51-1C0842B9C704}.Debug|Any CPU.Build.0 = Debug|Any CPU
		{479A2BC7-960A-42B8-9C51-1C0842B9C704}.Release|Any CPU.ActiveCfg = Release|Any CPU
		{479A2BC7-960A-42B8-9C51-1C0842B9C704}.Release|Any CPU.Build.0 = Release|Any CPU
		{8BABA4AB-7304-41DE-80AC-350F18F22696}.Debug|Any CPU.ActiveCfg = Debug|Any CPU
		{8BABA4AB-7304-41DE-80AC-350F18F22696}.Debug|Any CPU.Build.0 = Debug|Any CPU
		{8BABA4AB-7304-41DE-80AC-350F18F22696}.Release|Any CPU.ActiveCfg = Release|Any CPU
		{8BABA4AB-7304-41DE-80AC-350F18F22696}.Release|Any CPU.Build.0 = Release|Any CPU
	EndGlobalSection
	GlobalSection(SolutionProperties) = preSolution
		HideSolutionNode = FALSE
	EndGlobalSection
	GlobalSection(ExtensibilityGlobals) = postSolution
		SolutionGuid = {A1551D47-4B50-4E56-88F8-B1F63B9021D4}
	EndGlobalSection
EndGlobal
