
Microsoft Visual Studio Solution File, Format Version 12.00
# Visual Studio Version 17
VisualStudioVersion = 17.9.34616.47
MinimumVisualStudioVersion = 10.0.40219.1
Project("{9A19103F-16F7-4668-BE54-9A1E7A4F7556}") = "BranchRegistrationWork", "BranchRegistrationWork\BranchRegistrationWork.csproj", "{C0344B67-7683-4970-A5BB-D4CD670077EB}"
EndProject
Project("{FAE04EC0-301F-11D3-BF4B-00C04F79EFBC}") = "BranchRegister", "BranchRegister\BranchRegister.csproj", "{2F4018F0-CC81-400C-BC51-4EDD61FBB2D8}"
EndProject
Global
	GlobalSection(SolutionConfigurationPlatforms) = preSolution
		Debug|Any CPU = Debug|Any CPU
		Release|Any CPU = Release|Any CPU
	EndGlobalSection
	GlobalSection(ProjectConfigurationPlatforms) = postSolution
		{C0344B67-7683-4970-A5BB-D4CD670077EB}.Debug|Any CPU.ActiveCfg = Debug|Any CPU
		{C0344B67-7683-4970-A5BB-D4CD670077EB}.Debug|Any CPU.Build.0 = Debug|Any CPU
		{C0344B67-7683-4970-A5BB-D4CD670077EB}.Release|Any CPU.ActiveCfg = Release|Any CPU
		{C0344B67-7683-4970-A5BB-D4CD670077EB}.Release|Any CPU.Build.0 = Release|Any CPU
		{2F4018F0-CC81-400C-BC51-4EDD61FBB2D8}.Debug|Any CPU.ActiveCfg = Debug|Any CPU
		{2F4018F0-CC81-400C-BC51-4EDD61FBB2D8}.Debug|Any CPU.Build.0 = Debug|Any CPU
		{2F4018F0-CC81-400C-BC51-4EDD61FBB2D8}.Release|Any CPU.ActiveCfg = Release|Any CPU
		{2F4018F0-CC81-400C-BC51-4EDD61FBB2D8}.Release|Any CPU.Build.0 = Release|Any CPU
	EndGlobalSection
	GlobalSection(SolutionProperties) = preSolution
		HideSolutionNode = FALSE
	EndGlobalSection
	GlobalSection(ExtensibilityGlobals) = postSolution
		SolutionGuid = {A1551D47-4B50-4E56-88F8-B1F63B9021D4}
	EndGlobalSection
EndGlobal
